
Microsoft Visual Studio Solution File, Format Version 12.00
# Visual Studio Version 16
VisualStudioVersion = 16.0.32228.343
MinimumVisualStudioVersion = 10.0.40219.1
Project("{9A19103F-16F7-4668-BE54-9A1E7A4F7556}") = "Inventory", "Inventory\Inventory.csproj", "{18FAEC3D-01C6-4106-894F-CE994C67C784}"
EndProject
Project("{9A19103F-16F7-4668-BE54-9A1E7A4F7556}") = "Entities", "Entities\Entities.csproj", "{AF590659-F83E-4D55-89ED-D25C19EC3EBB}"
EndProject
Project("{9A19103F-16F7-4668-BE54-9A1E7A4F7556}") = "DataAccess", "DataAccess\DataAccess.csproj", "{A1907E03-7142-4286-9002-CB2B130B79A8}"
EndProject
Project("{9A19103F-16F7-4668-BE54-9A1E7A4F7556}") = "Business", "Business\Business.csproj", "{BBD3F400-E4A2-4043-BE65-7987726C68E3}"
EndProject
Global
	GlobalSection(SolutionConfigurationPlatforms) = preSolution
		Debug|Any CPU = Debug|Any CPU
		Release|Any CPU = Release|Any CPU
	EndGlobalSection
	GlobalSection(ProjectConfigurationPlatforms) = postSolution
		{18FAEC3D-01C6-4106-894F-CE994C67C784}.Debug|Any CPU.ActiveCfg = Debug|Any CPU
		{18FAEC3D-01C6-4106-894F-CE994C67C784}.Debug|Any CPU.Build.0 = Debug|Any CPU
		{18FAEC3D-01C6-4106-894F-CE994C67C784}.Release|Any CPU.ActiveCfg = Release|Any CPU
		{18FAEC3D-01C6-4106-894F-CE994C67C784}.Release|Any CPU.Build.0 = Release|Any CPU
		{AF590659-F83E-4D55-89ED-D25C19EC3EBB}.Debug|Any CPU.ActiveCfg = Debug|Any CPU
		{AF590659-F83E-4D55-89ED-D25C19EC3EBB}.Debug|Any CPU.Build.0 = Debug|Any CPU
		{AF590659-F83E-4D55-89ED-D25C19EC3EBB}.Release|Any CPU.ActiveCfg = Release|Any CPU
		{AF590659-F83E-4D55-89ED-D25C19EC3EBB}.Release|Any CPU.Build.0 = Release|Any CPU
		{A1907E03-7142-4286-9002-CB2B130B79A8}.Debug|Any CPU.ActiveCfg = Debug|Any CPU
		{A1907E03-7142-4286-9002-CB2B130B79A8}.Debug|Any CPU.Build.0 = Debug|Any CPU
		{A1907E03-7142-4286-9002-CB2B130B79A8}.Release|Any CPU.ActiveCfg = Release|Any CPU
		{A1907E03-7142-4286-9002-CB2B130B79A8}.Release|Any CPU.Build.0 = Release|Any CPU
		{BBD3F400-E4A2-4043-BE65-7987726C68E3}.Debug|Any CPU.ActiveCfg = Debug|Any CPU
		{BBD3F400-E4A2-4043-BE65-7987726C68E3}.Debug|Any CPU.Build.0 = Debug|Any CPU
		{BBD3F400-E4A2-4043-BE65-7987726C68E3}.Release|Any CPU.ActiveCfg = Release|Any CPU
		{BBD3F400-E4A2-4043-BE65-7987726C68E3}.Release|Any CPU.Build.0 = Release|Any CPU
	EndGlobalSection
	GlobalSection(SolutionProperties) = preSolution
		HideSolutionNode = FALSE
	EndGlobalSection
	GlobalSection(ExtensibilityGlobals) = postSolution
		SolutionGuid = {18A3C76D-3809-48EC-BBF7-2C8718920564}
	EndGlobalSection
EndGlobal
